// !$*UTF8*$!
{
	archiveVersion = 1;
	classes = {
	};
	objectVersion = 77;
	objects = {

/* Begin PBXContainerItemProxy section */
		762BB8272E60E48000E27865 /* PBXContainerItemProxy */ = {
			isa = PBXContainerItemProxy;
			containerPortal = 762BB8102E60E47E00E27865 /* Project object */;
			proxyType = 1;
			remoteGlobalIDString = 762BB8172E60E47E00E27865;
			remoteInfo = GifConverter;
		};
		762BB8312E60E48000E27865 /* PBXContainerItemProxy */ = {
			isa = PBXContainerItemProxy;
			containerPortal = 762BB8102E60E47E00E27865 /* Project object */;
			proxyType = 1;
			remoteGlobalIDString = 762BB8172E60E47E00E27865;
			remoteInfo = GifConverter;
		};
/* End PBXContainerItemProxy section */

/* Begin PBXCopyFilesBuildPhase section */
		9ACF7ACC2E7E5EA80013529A /* CopyFiles */ = {
			isa = PBXCopyFilesBuildPhase;
			buildActionMask = 2147483647;
			dstPath = /usr/share/man/man1/;
			dstSubfolderSpec = 0;
			files = (
			);
			runOnlyForDeploymentPostprocessing = 1;
		};
/* End PBXCopyFilesBuildPhase section */

/* Begin PBXFileReference section */
		762769752E71F139009E67AA /* UIKit.framework */ = {isa = PBXFileReference; lastKnownFileType = wrapper.framework; name = UIKit.framework; path = Platforms/iPhoneOS.platform/Developer/SDKs/iPhoneOS18.5.sdk/System/Library/Frameworks/UIKit.framework; sourceTree = DEVELOPER_DIR; };
		762BB8182E60E47E00E27865 /* GifConverter.app */ = {isa = PBXFileReference; explicitFileType = wrapper.application; includeInIndex = 0; path = GifConverter.app; sourceTree = BUILT_PRODUCTS_DIR; };
		762BB8262E60E48000E27865 /* GifConverterTests.xctest */ = {isa = PBXFileReference; explicitFileType = wrapper.cfbundle; includeInIndex = 0; path = GifConverterTests.xctest; sourceTree = BUILT_PRODUCTS_DIR; };
		762BB8302E60E48000E27865 /* GifConverterUITests.xctest */ = {isa = PBXFileReference; explicitFileType = wrapper.cfbundle; includeInIndex = 0; path = GifConverterUITests.xctest; sourceTree = BUILT_PRODUCTS_DIR; };
		9ACF7ACE2E7E5EA80013529A /* CreateAnimeBuddy */ = {isa = PBXFileReference; explicitFileType = "compiled.mach-o.executable"; includeInIndex = 0; path = CreateAnimeBuddy; sourceTree = BUILT_PRODUCTS_DIR; };
/* End PBXFileReference section */

/* Begin PBXFileSystemSynchronizedRootGroup section */
		762BB81A2E60E47E00E27865 /* GifConverter */ = {
			isa = PBXFileSystemSynchronizedRootGroup;
			path = GifConverter;
			sourceTree = "<group>";
		};
		9ACF7ACF2E7E5EA80013529A /* CreateAnimeBuddy */ = {
			isa = PBXFileSystemSynchronizedRootGroup;
			path = CreateAnimeBuddy;
			sourceTree = "<group>";
		};
/* End PBXFileSystemSynchronizedRootGroup section */

/* Begin PBXFrameworksBuildPhase section */
		762BB8152E60E47E00E27865 /* Frameworks */ = {
			isa = PBXFrameworksBuildPhase;
			buildActionMask = 2147483647;
			files = (
			);
			runOnlyForDeploymentPostprocessing = 0;
		};
		762BB8232E60E48000E27865 /* Frameworks */ = {
			isa = PBXFrameworksBuildPhase;
			buildActionMask = 2147483647;
			files = (
			);
			runOnlyForDeploymentPostprocessing = 0;
		};
		762BB82D2E60E48000E27865 /* Frameworks */ = {
			isa = PBXFrameworksBuildPhase;
			buildActionMask = 2147483647;
			files = (
			);
			runOnlyForDeploymentPostprocessing = 0;
		};
		9ACF7ACB2E7E5EA80013529A /* Frameworks */ = {
			isa = PBXFrameworksBuildPhase;
			buildActionMask = 2147483647;
			files = (
			);
			runOnlyForDeploymentPostprocessing = 0;
		};
/* End PBXFrameworksBuildPhase section */

/* Begin PBXGroup section */
		762769742E71F139009E67AA /* Frameworks */ = {
			isa = PBXGroup;
			children = (
				762769752E71F139009E67AA /* UIKit.framework */,
			);
			name = Frameworks;
			sourceTree = "<group>";
		};
		762BB80F2E60E47E00E27865 = {
			isa = PBXGroup;
			children = (
				762BB81A2E60E47E00E27865 /* GifConverter */,
				9ACF7ACF2E7E5EA80013529A /* CreateAnimeBuddy */,
				762769742E71F139009E67AA /* Frameworks */,
				762BB8192E60E47E00E27865 /* Products */,
			);
			sourceTree = "<group>";
		};
		762BB8192E60E47E00E27865 /* Products */ = {
			isa = PBXGroup;
			children = (
				762BB8182E60E47E00E27865 /* GifConverter.app */,
				762BB8262E60E48000E27865 /* GifConverterTests.xctest */,
				762BB8302E60E48000E27865 /* GifConverterUITests.xctest */,
				9ACF7ACE2E7E5EA80013529A /* CreateAnimeBuddy */,
			);
			name = Products;
			sourceTree = "<group>";
		};
/* End PBXGroup section */

/* Begin PBXNativeTarget section */
		762BB8172E60E47E00E27865 /* GifConverter */ = {
			isa = PBXNativeTarget;
			buildConfigurationList = 762BB83A2E60E48000E27865 /* Build configuration list for PBXNativeTarget "GifConverter" */;
			buildPhases = (
				762BB8142E60E47E00E27865 /* Sources */,
				762BB8152E60E47E00E27865 /* Frameworks */,
				762BB8162E60E47E00E27865 /* Resources */,
			);
			buildRules = (
			);
			dependencies = (
			);
			fileSystemSynchronizedGroups = (
				762BB81A2E60E47E00E27865 /* GifConverter */,
			);
			name = GifConverter;
			packageProductDependencies = (
			);
			productName = GifConverter;
			productReference = 762BB8182E60E47E00E27865 /* GifConverter.app */;
			productType = "com.apple.product-type.application";
		};
		762BB8252E60E48000E27865 /* GifConverterTests */ = {
			isa = PBXNativeTarget;
			buildConfigurationList = 762BB83D2E60E48000E27865 /* Build configuration list for PBXNativeTarget "GifConverterTests" */;
			buildPhases = (
				762BB8222E60E48000E27865 /* Sources */,
				762BB8232E60E48000E27865 /* Frameworks */,
				762BB8242E60E48000E27865 /* Resources */,
			);
			buildRules = (
			);
			dependencies = (
				762BB8282E60E48000E27865 /* PBXTargetDependency */,
			);
			name = GifConverterTests;
			packageProductDependencies = (
			);
			productName = GifConverterTests;
			productReference = 762BB8262E60E48000E27865 /* GifConverterTests.xctest */;
			productType = "com.apple.product-type.bundle.unit-test";
		};
		762BB82F2E60E48000E27865 /* GifConverterUITests */ = {
			isa = PBXNativeTarget;
			buildConfigurationList = 762BB8402E60E48000E27865 /* Build configuration list for PBXNativeTarget "GifConverterUITests" */;
			buildPhases = (
				762BB82C2E60E48000E27865 /* Sources */,
				762BB82D2E60E48000E27865 /* Frameworks */,
				762BB82E2E60E48000E27865 /* Resources */,
			);
			buildRules = (
			);
			dependencies = (
				762BB8322E60E48000E27865 /* PBXTargetDependency */,
			);
			name = GifConverterUITests;
			packageProductDependencies = (
			);
			productName = GifConverterUITests;
			productReference = 762BB8302E60E48000E27865 /* GifConverterUITests.xctest */;
			productType = "com.apple.product-type.bundle.ui-testing";
		};
		9ACF7ACD2E7E5EA80013529A /* CreateAnimeBuddy */ = {
			isa = PBXNativeTarget;
			buildConfigurationList = 9ACF7AD22E7E5EA80013529A /* Build configuration list for PBXNativeTarget "CreateAnimeBuddy" */;
			buildPhases = (
				9ACF7ACA2E7E5EA80013529A /* Sources */,
				9ACF7ACB2E7E5EA80013529A /* Frameworks */,
				9ACF7ACC2E7E5EA80013529A /* CopyFiles */,
			);
			buildRules = (
			);
			dependencies = (
			);
			fileSystemSynchronizedGroups = (
				9ACF7ACF2E7E5EA80013529A /* CreateAnimeBuddy */,
			);
			name = CreateAnimeBuddy;
			packageProductDependencies = (
			);
			productName = CreateAnimeBuddy;
			productReference = 9ACF7ACE2E7E5EA80013529A /* CreateAnimeBuddy */;
			productType = "com.apple.product-type.tool";
		};
/* End PBXNativeTarget section */

/* Begin PBXProject section */
		762BB8102E60E47E00E27865 /* Project object */ = {
			isa = PBXProject;
			attributes = {
				BuildIndependentTargetsInParallel = 1;
				LastSwiftUpdateCheck = 2600;
				LastUpgradeCheck = 1640;
				TargetAttributes = {
					762BB8172E60E47E00E27865 = {
						CreatedOnToolsVersion = 16.4;
					};
					762BB8252E60E48000E27865 = {
						CreatedOnToolsVersion = 16.4;
						TestTargetID = 762BB8172E60E47E00E27865;
					};
					762BB82F2E60E48000E27865 = {
						CreatedOnToolsVersion = 16.4;
						TestTargetID = 762BB8172E60E47E00E27865;
					};
					9ACF7ACD2E7E5EA80013529A = {
						CreatedOnToolsVersion = 26.0;
					};
				};
			};
			buildConfigurationList = 762BB8132E60E47E00E27865 /* Build configuration list for PBXProject "GifConverter" */;
			developmentRegion = en;
			hasScannedForEncodings = 0;
			knownRegions = (
				en,
				Base,
			);
			mainGroup = 762BB80F2E60E47E00E27865;
			minimizedProjectReferenceProxies = 1;
			preferredProjectObjectVersion = 77;
			productRefGroup = 762BB8192E60E47E00E27865 /* Products */;
			projectDirPath = "";
			projectRoot = "";
			targets = (
				762BB8172E60E47E00E27865 /* GifConverter */,
				762BB8252E60E48000E27865 /* GifConverterTests */,
				762BB82F2E60E48000E27865 /* GifConverterUITests */,
				9ACF7ACD2E7E5EA80013529A /* CreateAnimeBuddy */,
			);
		};
/* End PBXProject section */

/* Begin PBXResourcesBuildPhase section */
		762BB8162E60E47E00E27865 /* Resources */ = {
			isa = PBXResourcesBuildPhase;
			buildActionMask = 2147483647;
			files = (
			);
			runOnlyForDeploymentPostprocessing = 0;
		};
		762BB8242E60E48000E27865 /* Resources */ = {
			isa = PBXResourcesBuildPhase;
			buildActionMask = 2147483647;
			files = (
			);
			runOnlyForDeploymentPostprocessing = 0;
		};
		762BB82E2E60E48000E27865 /* Resources */ = {
			isa = PBXResourcesBuildPhase;
			buildActionMask = 2147483647;
			files = (
			);
			runOnlyForDeploymentPostprocessing = 0;
		};
/* End PBXResourcesBuildPhase section */

/* Begin PBXSourcesBuildPhase section */
		762BB8142E60E47E00E27865 /* Sources */ = {
			isa = PBXSourcesBuildPhase;
			buildActionMask = 2147483647;
			files = (
			);
			runOnlyForDeploymentPostprocessing = 0;
		};
		762BB8222E60E48000E27865 /* Sources */ = {
			isa = PBXSourcesBuildPhase;
			buildActionMask = 2147483647;
			files = (
			);
			runOnlyForDeploymentPostprocessing = 0;
		};
		762BB82C2E60E48000E27865 /* Sources */ = {
			isa = PBXSourcesBuildPhase;
			buildActionMask = 2147483647;
			files = (
			);
			runOnlyForDeploymentPostprocessing = 0;
		};
		9ACF7ACA2E7E5EA80013529A /* Sources */ = {
			isa = PBXSourcesBuildPhase;
			buildActionMask = 2147483647;
			files = (
			);
			runOnlyForDeploymentPostprocessing = 0;
		};
/* End PBXSourcesBuildPhase section */

/* Begin PBXTargetDependency section */
		762BB8282E60E48000E27865 /* PBXTargetDependency */ = {
			isa = PBXTargetDependency;
			target = 762BB8172E60E47E00E27865 /* GifConverter */;
			targetProxy = 762BB8272E60E48000E27865 /* PBXContainerItemProxy */;
		};
		762BB8322E60E48000E27865 /* PBXTargetDependency */ = {
			isa = PBXTargetDependency;
			target = 762BB8172E60E47E00E27865 /* GifConverter */;
			targetProxy = 762BB8312E60E48000E27865 /* PBXContainerItemProxy */;
		};
/* End PBXTargetDependency section */

/* Begin XCBuildConfiguration section */
		762BB8382E60E48000E27865 /* Debug */ = {
			isa = XCBuildConfiguration;
			buildSettings = {
				ALWAYS_SEARCH_USER_PATHS = NO;
				ASSETCATALOG_COMPILER_GENERATE_SWIFT_ASSET_SYMBOL_EXTENSIONS = YES;
				CLANG_ANALYZER_NONNULL = YES;
				CLANG_ANALYZER_NUMBER_OBJECT_CONVERSION = YES_AGGRESSIVE;
				CLANG_CXX_LANGUAGE_STANDARD = "gnu++20";
				CLANG_ENABLE_MODULES = YES;
				CLANG_ENABLE_OBJC_ARC = YES;
				CLANG_ENABLE_OBJC_WEAK = YES;
				CLANG_WARN_BLOCK_CAPTURE_AUTORELEASING = YES;
				CLANG_WARN_BOOL_CONVERSION = YES;
				CLANG_WARN_COMMA = YES;
				CLANG_WARN_CONSTANT_CONVERSION = YES;
				CLANG_WARN_DEPRECATED_OBJC_IMPLEMENTATIONS = YES;
				CLANG_WARN_DIRECT_OBJC_ISA_USAGE = YES_ERROR;
				CLANG_WARN_DOCUMENTATION_COMMENTS = YES;
				CLANG_WARN_EMPTY_BODY = YES;
				CLANG_WARN_ENUM_CONVERSION = YES;
				CLANG_WARN_INFINITE_RECURSION = YES;
				CLANG_WARN_INT_CONVERSION = YES;
				CLANG_WARN_NON_LITERAL_NULL_CONVERSION = YES;
				CLANG_WARN_OBJC_IMPLICIT_RETAIN_SELF = YES;
				CLANG_WARN_OBJC_LITERAL_CONVERSION = YES;
				CLANG_WARN_OBJC_ROOT_CLASS = YES_ERROR;
				CLANG_WARN_QUOTED_INCLUDE_IN_FRAMEWORK_HEADER = YES;
				CLANG_WARN_RANGE_LOOP_ANALYSIS = YES;
				CLANG_WARN_STRICT_PROTOTYPES = YES;
				CLANG_WARN_SUSPICIOUS_MOVE = YES;
				CLANG_WARN_UNGUARDED_AVAILABILITY = YES_AGGRESSIVE;
				CLANG_WARN_UNREACHABLE_CODE = YES;
				CLANG_WARN__DUPLICATE_METHOD_MATCH = YES;
				COPY_PHASE_STRIP = NO;
				DEBUG_INFORMATION_FORMAT = dwarf;
				DEVELOPMENT_TEAM = 2TQH99H3P4;
				ENABLE_STRICT_OBJC_MSGSEND = YES;
				ENABLE_TESTABILITY = YES;
				ENABLE_USER_SCRIPT_SANDBOXING = YES;
				GCC_C_LANGUAGE_STANDARD = gnu17;
				GCC_DYNAMIC_NO_PIC = NO;
				GCC_NO_COMMON_BLOCKS = YES;
				GCC_OPTIMIZATION_LEVEL = 0;
				GCC_PREPROCESSOR_DEFINITIONS = (
					"DEBUG=1",
					"$(inherited)",
				);
				GCC_WARN_64_TO_32_BIT_CONVERSION = YES;
				GCC_WARN_ABOUT_RETURN_TYPE = YES_ERROR;
				GCC_WARN_UNDECLARED_SELECTOR = YES;
				GCC_WARN_UNINITIALIZED_AUTOS = YES_AGGRESSIVE;
				GCC_WARN_UNUSED_FUNCTION = YES;
				GCC_WARN_UNUSED_VARIABLE = YES;
				LOCALIZATION_PREFERS_STRING_CATALOGS = YES;
				MACOSX_DEPLOYMENT_TARGET = 15.5;
				MTL_ENABLE_DEBUG_INFO = INCLUDE_SOURCE;
				MTL_FAST_MATH = YES;
				ONLY_ACTIVE_ARCH = YES;
				SDKROOT = macosx;
				SWIFT_ACTIVE_COMPILATION_CONDITIONS = "DEBUG $(inherited)";
				SWIFT_OPTIMIZATION_LEVEL = "-Onone";
			};
			name = Debug;
		};
		762BB8392E60E48000E27865 /* Release */ = {
			isa = XCBuildConfiguration;
			buildSettings = {
				ALWAYS_SEARCH_USER_PATHS = NO;
				ASSETCATALOG_COMPILER_GENERATE_SWIFT_ASSET_SYMBOL_EXTENSIONS = YES;
				CLANG_ANALYZER_NONNULL = YES;
				CLANG_ANALYZER_NUMBER_OBJECT_CONVERSION = YES_AGGRESSIVE;
				CLANG_CXX_LANGUAGE_STANDARD = "gnu++20";
				CLANG_ENABLE_MODULES = YES;
				CLANG_ENABLE_OBJC_ARC = YES;
				CLANG_ENABLE_OBJC_WEAK = YES;
				CLANG_WARN_BLOCK_CAPTURE_AUTORELEASING = YES;
				CLANG_WARN_BOOL_CONVERSION = YES;
				CLANG_WARN_COMMA = YES;
				CLANG_WARN_CONSTANT_CONVERSION = YES;
				CLANG_WARN_DEPRECATED_OBJC_IMPLEMENTATIONS = YES;
				CLANG_WARN_DIRECT_OBJC_ISA_USAGE = YES_ERROR;
				CLANG_WARN_DOCUMENTATION_COMMENTS = YES;
				CLANG_WARN_EMPTY_BODY = YES;
				CLANG_WARN_ENUM_CONVERSION = YES;
				CLANG_WARN_INFINITE_RECURSION = YES;
				CLANG_WARN_INT_CONVERSION = YES;
				CLANG_WARN_NON_LITERAL_NULL_CONVERSION = YES;
				CLANG_WARN_OBJC_IMPLICIT_RETAIN_SELF = YES;
				CLANG_WARN_OBJC_LITERAL_CONVERSION = YES;
				CLANG_WARN_OBJC_ROOT_CLASS = YES_ERROR;
				CLANG_WARN_QUOTED_INCLUDE_IN_FRAMEWORK_HEADER = YES;
				CLANG_WARN_RANGE_LOOP_ANALYSIS = YES;
				CLANG_WARN_STRICT_PROTOTYPES = YES;
				CLANG_WARN_SUSPICIOUS_MOVE = YES;
				CLANG_WARN_UNGUARDED_AVAILABILITY = YES_AGGRESSIVE;
				CLANG_WARN_UNREACHABLE_CODE = YES;
				CLANG_WARN__DUPLICATE_METHOD_MATCH = YES;
				COPY_PHASE_STRIP = NO;
				DEBUG_INFORMATION_FORMAT = "dwarf-with-dsym";
				DEVELOPMENT_TEAM = 2TQH99H3P4;
				ENABLE_NS_ASSERTIONS = NO;
				ENABLE_STRICT_OBJC_MSGSEND = YES;
				ENABLE_USER_SCRIPT_SANDBOXING = YES;
				GCC_C_LANGUAGE_STANDARD = gnu17;
				GCC_NO_COMMON_BLOCKS = YES;
				GCC_WARN_64_TO_32_BIT_CONVERSION = YES;
				GCC_WARN_ABOUT_RETURN_TYPE = YES_ERROR;
				GCC_WARN_UNDECLARED_SELECTOR = YES;
				GCC_WARN_UNINITIALIZED_AUTOS = YES_AGGRESSIVE;
				GCC_WARN_UNUSED_FUNCTION = YES;
				GCC_WARN_UNUSED_VARIABLE = YES;
				LOCALIZATION_PREFERS_STRING_CATALOGS = YES;
				MACOSX_DEPLOYMENT_TARGET = 15.5;
				MTL_ENABLE_DEBUG_INFO = NO;
				MTL_FAST_MATH = YES;
				SDKROOT = macosx;
				SWIFT_COMPILATION_MODE = wholemodule;
			};
			name = Release;
		};
		762BB83B2E60E48000E27865 /* Debug */ = {
			isa = XCBuildConfiguration;
			buildSettings = {
				ASSETCATALOG_COMPILER_APPICON_NAME = AppIcon;
				ASSETCATALOG_COMPILER_GLOBAL_ACCENT_COLOR_NAME = AccentColor;
				CODE_SIGN_ENTITLEMENTS = GifConverter/GifConverter.entitlements;
				CODE_SIGN_STYLE = Automatic;
				COMBINE_HIDPI_IMAGES = YES;
				CURRENT_PROJECT_VERSION = 1;
				DEVELOPMENT_TEAM = 8B64X8G656;
				ENABLE_APP_SANDBOX = YES;
				ENABLE_HARDENED_RUNTIME = YES;
				ENABLE_OUTGOING_NETWORK_CONNECTIONS = YES;
				ENABLE_PREVIEWS = YES;
				GENERATE_INFOPLIST_FILE = YES;
				INFOPLIST_KEY_NSHumanReadableCopyright = "";
				INFOPLIST_KEY_UISupportedInterfaceOrientations = UIInterfaceOrientationLandscapeRight;
				IPHONEOS_DEPLOYMENT_TARGET = 18.6;
				LD_RUNPATH_SEARCH_PATHS = (
					"$(inherited)",
					"@executable_path/../Frameworks",
				);
				MACOSX_DEPLOYMENT_TARGET = 15.0;
				MARKETING_VERSION = 1.0;
				PRODUCT_BUNDLE_IDENTIFIER = com.brianrosales.GifConverter;
				PRODUCT_NAME = "$(TARGET_NAME)";
				REGISTER_APP_GROUPS = YES;
				SUPPORTED_PLATFORMS = macosx;
				SUPPORTS_MACCATALYST = NO;
				SWIFT_EMIT_LOC_STRINGS = YES;
				SWIFT_VERSION = 5.0;
			};
			name = Debug;
		};
		762BB83C2E60E48000E27865 /* Release */ = {
			isa = XCBuildConfiguration;
			buildSettings = {
				ASSETCATALOG_COMPILER_APPICON_NAME = AppIcon;
				ASSETCATALOG_COMPILER_GLOBAL_ACCENT_COLOR_NAME = AccentColor;
				CODE_SIGN_ENTITLEMENTS = GifConverter/GifConverter.entitlements;
				CODE_SIGN_STYLE = Automatic;
				COMBINE_HIDPI_IMAGES = YES;
				CURRENT_PROJECT_VERSION = 1;
				DEVELOPMENT_TEAM = 8B64X8G656;
				ENABLE_APP_SANDBOX = YES;
				ENABLE_HARDENED_RUNTIME = YES;
				ENABLE_OUTGOING_NETWORK_CONNECTIONS = YES;
				ENABLE_PREVIEWS = YES;
				GENERATE_INFOPLIST_FILE = YES;
				INFOPLIST_KEY_NSHumanReadableCopyright = "";
				INFOPLIST_KEY_UISupportedInterfaceOrientations = UIInterfaceOrientationLandscapeRight;
				IPHONEOS_DEPLOYMENT_TARGET = 18.6;
				LD_RUNPATH_SEARCH_PATHS = (
					"$(inherited)",
					"@executable_path/../Frameworks",
				);
				MACOSX_DEPLOYMENT_TARGET = 15.0;
				MARKETING_VERSION = 1.0;
				PRODUCT_BUNDLE_IDENTIFIER = com.brianrosales.GifConverter;
				PRODUCT_NAME = "$(TARGET_NAME)";
				REGISTER_APP_GROUPS = YES;
				SUPPORTED_PLATFORMS = macosx;
				SUPPORTS_MACCATALYST = NO;
				SWIFT_EMIT_LOC_STRINGS = YES;
				SWIFT_VERSION = 5.0;
			};
			name = Release;
		};
		762BB83E2E60E48000E27865 /* Debug */ = {
			isa = XCBuildConfiguration;
			buildSettings = {
				BUNDLE_LOADER = "$(TEST_HOST)";
				CODE_SIGN_STYLE = Automatic;
				CURRENT_PROJECT_VERSION = 1;
				DEVELOPMENT_TEAM = 8B64X8G656;
				GENERATE_INFOPLIST_FILE = YES;
				MACOSX_DEPLOYMENT_TARGET = 15.5;
				MARKETING_VERSION = 1.0;
				PRODUCT_BUNDLE_IDENTIFIER = com.brianrosales.GifConverterTests;
				PRODUCT_NAME = "$(TARGET_NAME)";
				SWIFT_EMIT_LOC_STRINGS = NO;
				SWIFT_VERSION = 5.0;
				TEST_HOST = "$(BUILT_PRODUCTS_DIR)/GifConverter.app/$(BUNDLE_EXECUTABLE_FOLDER_PATH)/GifConverter";
			};
			name = Debug;
		};
		762BB83F2E60E48000E27865 /* Release */ = {
			isa = XCBuildConfiguration;
			buildSettings = {
				BUNDLE_LOADER = "$(TEST_HOST)";
				CODE_SIGN_STYLE = Automatic;
				CURRENT_PROJECT_VERSION = 1;
				DEVELOPMENT_TEAM = 8B64X8G656;
				GENERATE_INFOPLIST_FILE = YES;
				MACOSX_DEPLOYMENT_TARGET = 15.5;
				MARKETING_VERSION = 1.0;
				PRODUCT_BUNDLE_IDENTIFIER = com.brianrosales.GifConverterTests;
				PRODUCT_NAME = "$(TARGET_NAME)";
				SWIFT_EMIT_LOC_STRINGS = NO;
				SWIFT_VERSION = 5.0;
				TEST_HOST = "$(BUILT_PRODUCTS_DIR)/GifConverter.app/$(BUNDLE_EXECUTABLE_FOLDER_PATH)/GifConverter";
			};
			name = Release;
		};
		762BB8412E60E48000E27865 /* Debug */ = {
			isa = XCBuildConfiguration;
			buildSettings = {
				CODE_SIGN_STYLE = Automatic;
				CURRENT_PROJECT_VERSION = 1;
				DEVELOPMENT_TEAM = 8B64X8G656;
				GENERATE_INFOPLIST_FILE = YES;
				MARKETING_VERSION = 1.0;
				PRODUCT_BUNDLE_IDENTIFIER = com.brianrosales.GifConverterUITests;
				PRODUCT_NAME = "$(TARGET_NAME)";
				SWIFT_EMIT_LOC_STRINGS = NO;
				SWIFT_VERSION = 5.0;
				TEST_TARGET_NAME = GifConverter;
			};
			name = Debug;
		};
		762BB8422E60E48000E27865 /* Release */ = {
			isa = XCBuildConfiguration;
			buildSettings = {
				CODE_SIGN_STYLE = Automatic;
				CURRENT_PROJECT_VERSION = 1;
				DEVELOPMENT_TEAM = 8B64X8G656;
				GENERATE_INFOPLIST_FILE = YES;
				MARKETING_VERSION = 1.0;
				PRODUCT_BUNDLE_IDENTIFIER = com.brianrosales.GifConverterUITests;
				PRODUCT_NAME = "$(TARGET_NAME)";
				SWIFT_EMIT_LOC_STRINGS = NO;
				SWIFT_VERSION = 5.0;
				TEST_TARGET_NAME = GifConverter;
			};
			name = Release;
		};
		9ACF7AD32E7E5EA80013529A /* Debug */ = {
			isa = XCBuildConfiguration;
			buildSettings = {
				CODE_SIGN_STYLE = Automatic;
				DEVELOPMENT_TEAM = 8B64X8G656;
				ENABLE_HARDENED_RUNTIME = YES;
				MACOSX_DEPLOYMENT_TARGET = 15.6;
				PRODUCT_NAME = "$(TARGET_NAME)";
				SWIFT_APPROACHABLE_CONCURRENCY = YES;
				SWIFT_UPCOMING_FEATURE_MEMBER_IMPORT_VISIBILITY = YES;
				SWIFT_VERSION = 5.0;
			};
			name = Debug;
		};
		9ACF7AD42E7E5EA80013529A /* Release */ = {
			isa = XCBuildConfiguration;
			buildSettings = {
				CODE_SIGN_STYLE = Automatic;
				DEVELOPMENT_TEAM = 8B64X8G656;
				ENABLE_HARDENED_RUNTIME = YES;
				MACOSX_DEPLOYMENT_TARGET = 15.6;
				PRODUCT_NAME = "$(TARGET_NAME)";
				SWIFT_APPROACHABLE_CONCURRENCY = YES;
				SWIFT_UPCOMING_FEATURE_MEMBER_IMPORT_VISIBILITY = YES;
				SWIFT_VERSION = 5.0;
			};
			name = Release;
		};
/* End XCBuildConfiguration section */

/* Begin XCConfigurationList section */
		762BB8132E60E47E00E27865 /* Build configuration list for PBXProject "GifConverter" */ = {
			isa = XCConfigurationList;
			buildConfigurations = (
				762BB8382E60E48000E27865 /* Debug */,
				762BB8392E60E48000E27865 /* Release */,
			);
			defaultConfigurationIsVisible = 0;
			defaultConfigurationName = Release;
		};
		762BB83A2E60E48000E27865 /* Build configuration list for PBXNativeTarget "GifConverter" */ = {
			isa = XCConfigurationList;
			buildConfigurations = (
				762BB83B2E60E48000E27865 /* Debug */,
				762BB83C2E60E48000E27865 /* Release */,
			);
			defaultConfigurationIsVisible = 0;
			defaultConfigurationName = Release;
		};
		762BB83D2E60E48000E27865 /* Build configuration list for PBXNativeTarget "GifConverterTests" */ = {
			isa = XCConfigurationList;
			buildConfigurations = (
				762BB83E2E60E48000E27865 /* Debug */,
				762BB83F2E60E48000E27865 /* Release */,
			);
			defaultConfigurationIsVisible = 0;
			defaultConfigurationName = Release;
		};
		762BB8402E60E48000E27865 /* Build configuration list for PBXNativeTarget "GifConverterUITests" */ = {
			isa = XCConfigurationList;
			buildConfigurations = (
				762BB8412E60E48000E27865 /* Debug */,
				762BB8422E60E48000E27865 /* Release */,
			);
			defaultConfigurationIsVisible = 0;
			defaultConfigurationName = Release;
		};
		9ACF7AD22E7E5EA80013529A /* Build configuration list for PBXNativeTarget "CreateAnimeBuddy" */ = {
			isa = XCConfigurationList;
			buildConfigurations = (
				9ACF7AD32E7E5EA80013529A /* Debug */,
				9ACF7AD42E7E5EA80013529A /* Release */,
			);
			defaultConfigurationIsVisible = 0;
			defaultConfigurationName = Release;
		};
/* End XCConfigurationList section */
	};
	rootObject = 762BB8102E60E47E00E27865 /* Project object */;
}
